// !$*UTF8*$!
{
	archiveVersion = 1;
	classes = {
	};
	objectVersion = 56;
	objects = {

/* Begin PBXBuildFile section */
		493480322B308B550069F09D /* AppDelegate.swift in Sources */ = {isa = PBXBuildFile; fileRef = 493480312B308B550069F09D /* AppDelegate.swift */; };
		493480342B308B550069F09D /* SceneDelegate.swift in Sources */ = {isa = PBXBuildFile; fileRef = 493480332B308B550069F09D /* SceneDelegate.swift */; };
		493480362B308B550069F09D /* ViewController.swift in Sources */ = {isa = PBXBuildFile; fileRef = 493480352B308B550069F09D /* ViewController.swift */; };
		493480392B308B550069F09D /* Main.storyboard in Resources */ = {isa = PBXBuildFile; fileRef = 493480372B308B550069F09D /* Main.storyboard */; };
		4934803B2B308B560069F09D /* Assets.xcassets in Resources */ = {isa = PBXBuildFile; fileRef = 4934803A2B308B560069F09D /* Assets.xcassets */; };
		4934803E2B308B560069F09D /* LaunchScreen.storyboard in Resources */ = {isa = PBXBuildFile; fileRef = 4934803C2B308B560069F09D /* LaunchScreen.storyboard */; };
		4934804A2B30A25B0069F09D /* Crypto.swift in Sources */ = {isa = PBXBuildFile; fileRef = 493480492B30A25B0069F09D /* Crypto.swift */; };
		4934804C2B30A9A70069F09D /* WebService.swift in Sources */ = {isa = PBXBuildFile; fileRef = 4934804B2B30A9A70069F09D /* WebService.swift */; };
		4934804E2B319D8A0069F09D /* CryptoViewModel.swift in Sources */ = {isa = PBXBuildFile; fileRef = 4934804D2B319D8A0069F09D /* CryptoViewModel.swift */; };
		493480692B31A2E80069F09D /* RxCocoa in Frameworks */ = {isa = PBXBuildFile; productRef = 493480682B31A2E80069F09D /* RxCocoa */; };
		493480712B31A2E80069F09D /* RxSwift in Frameworks */ = {isa = PBXBuildFile; productRef = 493480702B31A2E80069F09D /* RxSwift */; };
		493480792B31A7030069F09D /* CryptoTableViewCell.swift in Sources */ = {isa = PBXBuildFile; fileRef = 493480782B31A7030069F09D /* CryptoTableViewCell.swift */; };
/* End PBXBuildFile section */

/* Begin PBXFileReference section */
		4934802E2B308B550069F09D /* CryptoCrazyMVVMRx.app */ = {isa = PBXFileReference; explicitFileType = wrapper.application; includeInIndex = 0; path = CryptoCrazyMVVMRx.app; sourceTree = BUILT_PRODUCTS_DIR; };
		493480312B308B550069F09D /* AppDelegate.swift */ = {isa = PBXFileReference; lastKnownFileType = sourcecode.swift; path = AppDelegate.swift; sourceTree = "<group>"; };
		493480332B308B550069F09D /* SceneDelegate.swift */ = {isa = PBXFileReference; lastKnownFileType = sourcecode.swift; path = SceneDelegate.swift; sourceTree = "<group>"; };
		493480352B308B550069F09D /* ViewController.swift */ = {isa = PBXFileReference; lastKnownFileType = sourcecode.swift; path = ViewController.swift; sourceTree = "<group>"; };
		493480382B308B550069F09D /* Base */ = {isa = PBXFileReference; lastKnownFileType = file.storyboard; name = Base; path = Base.lproj/Main.storyboard; sourceTree = "<group>"; };
		4934803A2B308B560069F09D /* Assets.xcassets */ = {isa = PBXFileReference; lastKnownFileType = folder.assetcatalog; path = Assets.xcassets; sourceTree = "<group>"; };
		4934803D2B308B560069F09D /* Base */ = {isa = PBXFileReference; lastKnownFileType = file.storyboard; name = Base; path = Base.lproj/LaunchScreen.storyboard; sourceTree = "<group>"; };
		4934803F2B308B560069F09D /* Info.plist */ = {isa = PBXFileReference; lastKnownFileType = text.plist.xml; path = Info.plist; sourceTree = "<group>"; };
		493480492B30A25B0069F09D /* Crypto.swift */ = {isa = PBXFileReference; lastKnownFileType = sourcecode.swift; path = Crypto.swift; sourceTree = "<group>"; };
		4934804B2B30A9A70069F09D /* WebService.swift */ = {isa = PBXFileReference; lastKnownFileType = sourcecode.swift; path = WebService.swift; sourceTree = "<group>"; };
		4934804D2B319D8A0069F09D /* CryptoViewModel.swift */ = {isa = PBXFileReference; lastKnownFileType = sourcecode.swift; path = CryptoViewModel.swift; sourceTree = "<group>"; };
		493480782B31A7030069F09D /* CryptoTableViewCell.swift */ = {isa = PBXFileReference; lastKnownFileType = sourcecode.swift; path = CryptoTableViewCell.swift; sourceTree = "<group>"; };
/* End PBXFileReference section */

/* Begin PBXFrameworksBuildPhase section */
		4934802B2B308B550069F09D /* Frameworks */ = {
			isa = PBXFrameworksBuildPhase;
			buildActionMask = 2147483647;
			files = (
				493480692B31A2E80069F09D /* RxCocoa in Frameworks */,
				493480712B31A2E80069F09D /* RxSwift in Frameworks */,
			);
			runOnlyForDeploymentPostprocessing = 0;
		};
/* End PBXFrameworksBuildPhase section */

/* Begin PBXGroup section */
		493480252B308B550069F09D = {
			isa = PBXGroup;
			children = (
				493480302B308B550069F09D /* CryptoCrazyMVVMRx */,
				4934802F2B308B550069F09D /* Products */,
			);
			sourceTree = "<group>";
		};
		4934802F2B308B550069F09D /* Products */ = {
			isa = PBXGroup;
			children = (
				4934802E2B308B550069F09D /* CryptoCrazyMVVMRx.app */,
			);
			name = Products;
			sourceTree = "<group>";
		};
		493480302B308B550069F09D /* CryptoCrazyMVVMRx */ = {
			isa = PBXGroup;
			children = (
				493480482B308E4E0069F09D /* Service */,
				493480472B308E0D0069F09D /* Model */,
				493480462B308E030069F09D /* ViewModel */,
				493480452B308DEA0069F09D /* View */,
				493480372B308B550069F09D /* Main.storyboard */,
				4934803A2B308B560069F09D /* Assets.xcassets */,
				4934803C2B308B560069F09D /* LaunchScreen.storyboard */,
				4934803F2B308B560069F09D /* Info.plist */,
			);
			path = CryptoCrazyMVVMRx;
			sourceTree = "<group>";
		};
		493480452B308DEA0069F09D /* View */ = {
			isa = PBXGroup;
			children = (
				493480312B308B550069F09D /* AppDelegate.swift */,
				493480332B308B550069F09D /* SceneDelegate.swift */,
				493480352B308B550069F09D /* ViewController.swift */,
				493480782B31A7030069F09D /* CryptoTableViewCell.swift */,
			);
			path = View;
			sourceTree = "<group>";
		};
		493480462B308E030069F09D /* ViewModel */ = {
			isa = PBXGroup;
			children = (
				4934804D2B319D8A0069F09D /* CryptoViewModel.swift */,
			);
			path = ViewModel;
			sourceTree = "<group>";
		};
		493480472B308E0D0069F09D /* Model */ = {
			isa = PBXGroup;
			children = (
				493480492B30A25B0069F09D /* Crypto.swift */,
			);
			path = Model;
			sourceTree = "<group>";
		};
		493480482B308E4E0069F09D /* Service */ = {
			isa = PBXGroup;
			children = (
				4934804B2B30A9A70069F09D /* WebService.swift */,
			);
			path = Service;
			sourceTree = "<group>";
		};
/* End PBXGroup section */

/* Begin PBXNativeTarget section */
		4934802D2B308B550069F09D /* CryptoCrazyMVVMRx */ = {
			isa = PBXNativeTarget;
			buildConfigurationList = 493480422B308B560069F09D /* Build configuration list for PBXNativeTarget "CryptoCrazyMVVMRx" */;
			buildPhases = (
				4934802A2B308B550069F09D /* Sources */,
				4934802B2B308B550069F09D /* Frameworks */,
				4934802C2B308B550069F09D /* Resources */,
			);
			buildRules = (
			);
			dependencies = (
			);
			name = CryptoCrazyMVVMRx;
			packageProductDependencies = (
				493480682B31A2E80069F09D /* RxCocoa */,
				493480702B31A2E80069F09D /* RxSwift */,
			);
			productName = CryptoCrazyMVVMRx;
			productReference = 4934802E2B308B550069F09D /* CryptoCrazyMVVMRx.app */;
			productType = "com.apple.product-type.application";
		};
/* End PBXNativeTarget section */

/* Begin PBXProject section */
		493480262B308B550069F09D /* Project object */ = {
			isa = PBXProject;
			attributes = {
				BuildIndependentTargetsInParallel = 1;
				LastSwiftUpdateCheck = 1510;
				LastUpgradeCheck = 1510;
				TargetAttributes = {
					4934802D2B308B550069F09D = {
						CreatedOnToolsVersion = 15.1;
					};
				};
			};
			buildConfigurationList = 493480292B308B550069F09D /* Build configuration list for PBXProject "CryptoCrazyMVVMRx" */;
			compatibilityVersion = "Xcode 14.0";
			developmentRegion = en;
			hasScannedForEncodings = 0;
			knownRegions = (
				en,
				Base,
			);
			mainGroup = 493480252B308B550069F09D;
			packageReferences = (
				4934804F2B319F330069F09D /* XCRemoteSwiftPackageReference "RxSwift" */,
			);
			productRefGroup = 4934802F2B308B550069F09D /* Products */;
			projectDirPath = "";
			projectRoot = "";
			targets = (
				4934802D2B308B550069F09D /* CryptoCrazyMVVMRx */,
			);
		};
/* End PBXProject section */

/* Begin PBXResourcesBuildPhase section */
		4934802C2B308B550069F09D /* Resources */ = {
			isa = PBXResourcesBuildPhase;
			buildActionMask = 2147483647;
			files = (
				4934803E2B308B560069F09D /* LaunchScreen.storyboard in Resources */,
				4934803B2B308B560069F09D /* Assets.xcassets in Resources */,
				493480392B308B550069F09D /* Main.storyboard in Resources */,
			);
			runOnlyForDeploymentPostprocessing = 0;
		};
/* End PBXResourcesBuildPhase section */

/* Begin PBXSourcesBuildPhase section */
		4934802A2B308B550069F09D /* Sources */ = {
			isa = PBXSourcesBuildPhase;
			buildActionMask = 2147483647;
			files = (
				4934804A2B30A25B0069F09D /* Crypto.swift in Sources */,
				493480362B308B550069F09D /* ViewController.swift in Sources */,
				493480322B308B550069F09D /* AppDelegate.swift in Sources */,
				4934804C2B30A9A70069F09D /* WebService.swift in Sources */,
				493480342B308B550069F09D /* SceneDelegate.swift in Sources */,
				4934804E2B319D8A0069F09D /* CryptoViewModel.swift in Sources */,
				493480792B31A7030069F09D /* CryptoTableViewCell.swift in Sources */,
			);
			runOnlyForDeploymentPostprocessing = 0;
		};
/* End PBXSourcesBuildPhase section */

/* Begin PBXVariantGroup section */
		493480372B308B550069F09D /* Main.storyboard */ = {
			isa = PBXVariantGroup;
			children = (
				493480382B308B550069F09D /* Base */,
			);
			name = Main.storyboard;
			sourceTree = "<group>";
		};
		4934803C2B308B560069F09D /* LaunchScreen.storyboard */ = {
			isa = PBXVariantGroup;
			children = (
				4934803D2B308B560069F09D /* Base */,
			);
			name = LaunchScreen.storyboard;
			sourceTree = "<group>";
		};
/* End PBXVariantGroup section */

/* Begin XCBuildConfiguration section */
		493480402B308B560069F09D /* Debug */ = {
			isa = XCBuildConfiguration;
			buildSettings = {
				ALWAYS_SEARCH_USER_PATHS = NO;
				ASSETCATALOG_COMPILER_GENERATE_SWIFT_ASSET_SYMBOL_EXTENSIONS = YES;
				CLANG_ANALYZER_NONNULL = YES;
				CLANG_ANALYZER_NUMBER_OBJECT_CONVERSION = YES_AGGRESSIVE;
				CLANG_CXX_LANGUAGE_STANDARD = "gnu++20";
				CLANG_ENABLE_MODULES = YES;
				CLANG_ENABLE_OBJC_ARC = YES;
				CLANG_ENABLE_OBJC_WEAK = YES;
				CLANG_WARN_BLOCK_CAPTURE_AUTORELEASING = YES;
				CLANG_WARN_BOOL_CONVERSION = YES;
				CLANG_WARN_COMMA = YES;
				CLANG_WARN_CONSTANT_CONVERSION = YES;
				CLANG_WARN_DEPRECATED_OBJC_IMPLEMENTATIONS = YES;
				CLANG_WARN_DIRECT_OBJC_ISA_USAGE = YES_ERROR;
				CLANG_WARN_DOCUMENTATION_COMMENTS = YES;
				CLANG_WARN_EMPTY_BODY = YES;
				CLANG_WARN_ENUM_CONVERSION = YES;
				CLANG_WARN_INFINITE_RECURSION = YES;
				CLANG_WARN_INT_CONVERSION = YES;
				CLANG_WARN_NON_LITERAL_NULL_CONVERSION = YES;
				CLANG_WARN_OBJC_IMPLICIT_RETAIN_SELF = YES;
				CLANG_WARN_OBJC_LITERAL_CONVERSION = YES;
				CLANG_WARN_OBJC_ROOT_CLASS = YES_ERROR;
				CLANG_WARN_QUOTED_INCLUDE_IN_FRAMEWORK_HEADER = YES;
				CLANG_WARN_RANGE_LOOP_ANALYSIS = YES;
				CLANG_WARN_STRICT_PROTOTYPES = YES;
				CLANG_WARN_SUSPICIOUS_MOVE = YES;
				CLANG_WARN_UNGUARDED_AVAILABILITY = YES_AGGRESSIVE;
				CLANG_WARN_UNREACHABLE_CODE = YES;
				CLANG_WARN__DUPLICATE_METHOD_MATCH = YES;
				COPY_PHASE_STRIP = NO;
				DEBUG_INFORMATION_FORMAT = dwarf;
				ENABLE_STRICT_OBJC_MSGSEND = YES;
				ENABLE_TESTABILITY = YES;
				ENABLE_USER_SCRIPT_SANDBOXING = YES;
				GCC_C_LANGUAGE_STANDARD = gnu17;
				GCC_DYNAMIC_NO_PIC = NO;
				GCC_NO_COMMON_BLOCKS = YES;
				GCC_OPTIMIZATION_LEVEL = 0;
				GCC_PREPROCESSOR_DEFINITIONS = (
					"DEBUG=1",
					"$(inherited)",
				);
				GCC_WARN_64_TO_32_BIT_CONVERSION = YES;
				GCC_WARN_ABOUT_RETURN_TYPE = YES_ERROR;
				GCC_WARN_UNDECLARED_SELECTOR = YES;
				GCC_WARN_UNINITIALIZED_AUTOS = YES_AGGRESSIVE;
				GCC_WARN_UNUSED_FUNCTION = YES;
				GCC_WARN_UNUSED_VARIABLE = YES;
				IPHONEOS_DEPLOYMENT_TARGET = 17.2;
				LOCALIZATION_PREFERS_STRING_CATALOGS = YES;
				MTL_ENABLE_DEBUG_INFO = INCLUDE_SOURCE;
				MTL_FAST_MATH = YES;
				ONLY_ACTIVE_ARCH = YES;
				SDKROOT = iphoneos;
				SWIFT_ACTIVE_COMPILATION_CONDITIONS = "DEBUG $(inherited)";
				SWIFT_OPTIMIZATION_LEVEL = "-Onone";
			};
			name = Debug;
		};
		493480412B308B560069F09D /* Release */ = {
			isa = XCBuildConfiguration;
			buildSettings = {
				ALWAYS_SEARCH_USER_PATHS = NO;
				ASSETCATALOG_COMPILER_GENERATE_SWIFT_ASSET_SYMBOL_EXTENSIONS = YES;
				CLANG_ANALYZER_NONNULL = YES;
				CLANG_ANALYZER_NUMBER_OBJECT_CONVERSION = YES_AGGRESSIVE;
				CLANG_CXX_LANGUAGE_STANDARD = "gnu++20";
				CLANG_ENABLE_MODULES = YES;
				CLANG_ENABLE_OBJC_ARC = YES;
				CLANG_ENABLE_OBJC_WEAK = YES;
				CLANG_WARN_BLOCK_CAPTURE_AUTORELEASING = YES;
				CLANG_WARN_BOOL_CONVERSION = YES;
				CLANG_WARN_COMMA = YES;
				CLANG_WARN_CONSTANT_CONVERSION = YES;
				CLANG_WARN_DEPRECATED_OBJC_IMPLEMENTATIONS = YES;
				CLANG_WARN_DIRECT_OBJC_ISA_USAGE = YES_ERROR;
				CLANG_WARN_DOCUMENTATION_COMMENTS = YES;
				CLANG_WARN_EMPTY_BODY = YES;
				CLANG_WARN_ENUM_CONVERSION = YES;
				CLANG_WARN_INFINITE_RECURSION = YES;
				CLANG_WARN_INT_CONVERSION = YES;
				CLANG_WARN_NON_LITERAL_NULL_CONVERSION = YES;
				CLANG_WARN_OBJC_IMPLICIT_RETAIN_SELF = YES;
				CLANG_WARN_OBJC_LITERAL_CONVERSION = YES;
				CLANG_WARN_OBJC_ROOT_CLASS = YES_ERROR;
				CLANG_WARN_QUOTED_INCLUDE_IN_FRAMEWORK_HEADER = YES;
				CLANG_WARN_RANGE_LOOP_ANALYSIS = YES;
				CLANG_WARN_STRICT_PROTOTYPES = YES;
				CLANG_WARN_SUSPICIOUS_MOVE = YES;
				CLANG_WARN_UNGUARDED_AVAILABILITY = YES_AGGRESSIVE;
				CLANG_WARN_UNREACHABLE_CODE = YES;
				CLANG_WARN__DUPLICATE_METHOD_MATCH = YES;
				COPY_PHASE_STRIP = NO;
				DEBUG_INFORMATION_FORMAT = "dwarf-with-dsym";
				ENABLE_NS_ASSERTIONS = NO;
				ENABLE_STRICT_OBJC_MSGSEND = YES;
				ENABLE_USER_SCRIPT_SANDBOXING = YES;
				GCC_C_LANGUAGE_STANDARD = gnu17;
				GCC_NO_COMMON_BLOCKS = YES;
				GCC_WARN_64_TO_32_BIT_CONVERSION = YES;
				GCC_WARN_ABOUT_RETURN_TYPE = YES_ERROR;
				GCC_WARN_UNDECLARED_SELECTOR = YES;
				GCC_WARN_UNINITIALIZED_AUTOS = YES_AGGRESSIVE;
				GCC_WARN_UNUSED_FUNCTION = YES;
				GCC_WARN_UNUSED_VARIABLE = YES;
				IPHONEOS_DEPLOYMENT_TARGET = 17.2;
				LOCALIZATION_PREFERS_STRING_CATALOGS = YES;
				MTL_ENABLE_DEBUG_INFO = NO;
				MTL_FAST_MATH = YES;
				SDKROOT = iphoneos;
				SWIFT_COMPILATION_MODE = wholemodule;
				VALIDATE_PRODUCT = YES;
			};
			name = Release;
		};
		493480432B308B560069F09D /* Debug */ = {
			isa = XCBuildConfiguration;
			buildSettings = {
				ASSETCATALOG_COMPILER_APPICON_NAME = AppIcon;
				ASSETCATALOG_COMPILER_GLOBAL_ACCENT_COLOR_NAME = AccentColor;
				CODE_SIGN_STYLE = Automatic;
				CURRENT_PROJECT_VERSION = 1;
				DEVELOPMENT_TEAM = 9T7P7L9G6Z;
				GENERATE_INFOPLIST_FILE = YES;
				INFOPLIST_FILE = CryptoCrazyMVVMRx/Info.plist;
				INFOPLIST_KEY_UIApplicationSupportsIndirectInputEvents = YES;
				INFOPLIST_KEY_UILaunchStoryboardName = LaunchScreen;
				INFOPLIST_KEY_UIMainStoryboardFile = Main;
				INFOPLIST_KEY_UISupportedInterfaceOrientations_iPad = "UIInterfaceOrientationPortrait UIInterfaceOrientationPortraitUpsideDown UIInterfaceOrientationLandscapeLeft UIInterfaceOrientationLandscapeRight";
				INFOPLIST_KEY_UISupportedInterfaceOrientations_iPhone = "UIInterfaceOrientationPortrait UIInterfaceOrientationLandscapeLeft UIInterfaceOrientationLandscapeRight";
				LD_RUNPATH_SEARCH_PATHS = (
					"$(inherited)",
					"@executable_path/Frameworks",
				);
				MARKETING_VERSION = 1.0;
				PRODUCT_BUNDLE_IDENTIFIER = com.hakantrkmn.CryptoCrazyMVVMRx;
				PRODUCT_NAME = "$(TARGET_NAME)";
				SWIFT_EMIT_LOC_STRINGS = YES;
				SWIFT_VERSION = 5.0;
				TARGETED_DEVICE_FAMILY = "1,2";
			};
			name = Debug;
		};
		493480442B308B560069F09D /* Release */ = {
			isa = XCBuildConfiguration;
			buildSettings = {
				ASSETCATALOG_COMPILER_APPICON_NAME = AppIcon;
				ASSETCATALOG_COMPILER_GLOBAL_ACCENT_COLOR_NAME = AccentColor;
				CODE_SIGN_STYLE = Automatic;
				CURRENT_PROJECT_VERSION = 1;
				DEVELOPMENT_TEAM = 9T7P7L9G6Z;
				GENERATE_INFOPLIST_FILE = YES;
				INFOPLIST_FILE = CryptoCrazyMVVMRx/Info.plist;
				INFOPLIST_KEY_UIApplicationSupportsIndirectInputEvents = YES;
				INFOPLIST_KEY_UILaunchStoryboardName = LaunchScreen;
				INFOPLIST_KEY_UIMainStoryboardFile = Main;
				INFOPLIST_KEY_UISupportedInterfaceOrientations_iPad = "UIInterfaceOrientationPortrait UIInterfaceOrientationPortraitUpsideDown UIInterfaceOrientationLandscapeLeft UIInterfaceOrientationLandscapeRight";
				INFOPLIST_KEY_UISupportedInterfaceOrientations_iPhone = "UIInterfaceOrientationPortrait UIInterfaceOrientationLandscapeLeft UIInterfaceOrientationLandscapeRight";
				LD_RUNPATH_SEARCH_PATHS = (
					"$(inherited)",
					"@executable_path/Frameworks",
				);
				MARKETING_VERSION = 1.0;
				PRODUCT_BUNDLE_IDENTIFIER = com.hakantrkmn.CryptoCrazyMVVMRx;
				PRODUCT_NAME = "$(TARGET_NAME)";
				SWIFT_EMIT_LOC_STRINGS = YES;
				SWIFT_VERSION = 5.0;
				TARGETED_DEVICE_FAMILY = "1,2";
			};
			name = Release;
		};
/* End XCBuildConfiguration section */

/* Begin XCConfigurationList section */
		493480292B308B550069F09D /* Build configuration list for PBXProject "CryptoCrazyMVVMRx" */ = {
			isa = XCConfigurationList;
			buildConfigurations = (
				493480402B308B560069F09D /* Debug */,
				493480412B308B560069F09D /* Release */,
			);
			defaultConfigurationIsVisible = 0;
			defaultConfigurationName = Release;
		};
		493480422B308B560069F09D /* Build configuration list for PBXNativeTarget "CryptoCrazyMVVMRx" */ = {
			isa = XCConfigurationList;
			buildConfigurations = (
				493480432B308B560069F09D /* Debug */,
				493480442B308B560069F09D /* Release */,
			);
			defaultConfigurationIsVisible = 0;
			defaultConfigurationName = Release;
		};
/* End XCConfigurationList section */

/* Begin XCRemoteSwiftPackageReference section */
		4934804F2B319F330069F09D /* XCRemoteSwiftPackageReference "RxSwift" */ = {
			isa = XCRemoteSwiftPackageReference;
			repositoryURL = "https://github.com/ReactiveX/RxSwift.git";
			requirement = {
				kind = upToNextMajorVersion;
				minimumVersion = 6.6.0;
			};
		};
/* End XCRemoteSwiftPackageReference section */

/* Begin XCSwiftPackageProductDependency section */
		493480682B31A2E80069F09D /* RxCocoa */ = {
			isa = XCSwiftPackageProductDependency;
			package = 4934804F2B319F330069F09D /* XCRemoteSwiftPackageReference "RxSwift" */;
			productName = RxCocoa;
		};
		493480702B31A2E80069F09D /* RxSwift */ = {
			isa = XCSwiftPackageProductDependency;
			package = 4934804F2B319F330069F09D /* XCRemoteSwiftPackageReference "RxSwift" */;
			productName = RxSwift;
		};
/* End XCSwiftPackageProductDependency section */
	};
	rootObject = 493480262B308B550069F09D /* Project object */;
}
